
Microsoft Visual Studio Solution File, Format Version 12.00
# Visual Studio Version 17
VisualStudioVersion = 17.9.34607.119
MinimumVisualStudioVersion = 10.0.40219.1
Project("{9A19103F-16F7-4668-BE54-9A1E7A4F7556}") = "Bomber", "Bomber\Bomber.csproj", "{74272B8C-11E3-47B0-99BC-DBE6973610C6}"
EndProject
Project("{9A19103F-16F7-4668-BE54-9A1E7A4F7556}") = "BomberView", "BomberView\BomberView.csproj", "{DB0DE202-79C3-440C-9251-970D64915088}"
EndProject
Project("{FAE04EC0-301F-11D3-BF4B-00C04F79EFBC}") = "BomberTest", "BomberTest\BomberTest.csproj", "{90B442ED-6A25-411A-9775-C32270C58453}"
EndProject
Global
	GlobalSection(SolutionConfigurationPlatforms) = preSolution
		Debug|Any CPU = Debug|Any CPU
		Release|Any CPU = Release|Any CPU
	EndGlobalSection
	GlobalSection(ProjectConfigurationPlatforms) = postSolution
		{74272B8C-11E3-47B0-99BC-DBE6973610C6}.Debug|Any CPU.ActiveCfg = Debug|Any CPU
		{74272B8C-11E3-47B0-99BC-DBE6973610C6}.Debug|Any CPU.Build.0 = Debug|Any CPU
		{74272B8C-11E3-47B0-99BC-DBE6973610C6}.Release|Any CPU.ActiveCfg = Release|Any CPU
		{74272B8C-11E3-47B0-99BC-DBE6973610C6}.Release|Any CPU.Build.0 = Release|Any CPU
		{DB0DE202-79C3-440C-9251-970D64915088}.Debug|Any CPU.ActiveCfg = Debug|Any CPU
		{DB0DE202-79C3-440C-9251-970D64915088}.Debug|Any CPU.Build.0 = Debug|Any CPU
		{DB0DE202-79C3-440C-9251-970D64915088}.Release|Any CPU.ActiveCfg = Release|Any CPU
		{DB0DE202-79C3-440C-9251-970D64915088}.Release|Any CPU.Build.0 = Release|Any CPU
		{90B442ED-6A25-411A-9775-C32270C58453}.Debug|Any CPU.ActiveCfg = Debug|Any CPU
		{90B442ED-6A25-411A-9775-C32270C58453}.Debug|Any CPU.Build.0 = Debug|Any CPU
		{90B442ED-6A25-411A-9775-C32270C58453}.Release|Any CPU.ActiveCfg = Release|Any CPU
		{90B442ED-6A25-411A-9775-C32270C58453}.Release|Any CPU.Build.0 = Release|Any CPU
	EndGlobalSection
	GlobalSection(SolutionProperties) = preSolution
		HideSolutionNode = FALSE
	EndGlobalSection
	GlobalSection(ExtensibilityGlobals) = postSolution
		SolutionGuid = {93F88CC1-DED7-4047-81EA-4044D422D007}
	EndGlobalSection
EndGlobal
